# This file is autogenerated, do not edit; changes may be undone by the next 'dep ensure'.


[[projects]]
  digest = "1:5d1b5a25486fc7d4e133646d834f6fca7ba1cef9903d40e7aa786c41b89e9e91"
  name = "github.com/golang/protobuf"
  packages = [
    "proto",
    "protoc-gen-go/descriptor",
    "ptypes",
    "ptypes/any",
    "ptypes/duration",
    "ptypes/timestamp",
  ]
  pruneopts = "UT"
  revision = "aa810b61a9c79d51363740d207bb46cf8e620ed5"
  version = "v1.2.0"

[[projects]]
  digest = "1:de25c217d097b041bd4a24e4bb6b4f682ac9a03bc047ede3c05c7413153e0f2d"
  name = "github.com/google/go-cloud"
  packages = ["wire"]
  pruneopts = "UT"
  revision = "1929e0c4fa0bd3defff57736e5f821d9983aad91"
  version = "v0.6.0"

[[projects]]
  branch = "master"
  digest = "1:6ca51c5d8a610b3da56856df7a8f8f3e075eba8d5f7a4acbadd79b2d2a368054"
  name = "golang.org/x/net"
  packages = [
    "context",
    "http/httpguts",
    "http2",
    "http2/hpack",
    "idna",
    "internal/timeseries",
    "trace",
  ]
  pruneopts = "UT"
  revision = "adae6a3d119ae4890b46832a2e88a95adc62b8e7"

[[projects]]
  branch = "master"
  digest = "1:8775d8a768d9e65e8b659172804aac5db1fc8d563ba766470a6c2698c57c61a7"
  name = "golang.org/x/sys"
  packages = ["unix"]
  pruneopts = "UT"
  revision = "4ed8d59d0b35e1e29334a206d1b3f38b1e5dfb31"

[[projects]]
  digest = "1:a2ab62866c75542dd18d2b069fec854577a20211d7c0ea6ae746072a1dccdd18"
  name = "golang.org/x/text"
  packages = [
    "collate",
    "collate/build",
    "internal/colltab",
    "internal/gen",
    "internal/tag",
    "internal/triegen",
    "internal/ucd",
    "language",
    "secure/bidirule",
    "transform",
    "unicode/bidi",
    "unicode/cldr",
    "unicode/norm",
    "unicode/rangetable",
  ]
  pruneopts = "UT"
  revision = "f21a4dfb5e38f5895301dc265a8def02365cc3d0"
  version = "v0.3.0"

[[projects]]
  branch = "master"
  digest = "1:56b0bca90b7e5d1facf5fbdacba23e4e0ce069d25381b8e2f70ef1e7ebfb9c1a"
  name = "google.golang.org/genproto"
  packages = ["googleapis/rpc/status"]
  pruneopts = "UT"
  revision = "31ac5d88444a9e7ad18077db9a165d793ad06a2e"

[[projects]]
  digest = "1:e72ebff67b73d31785959af0660215213c58ab50d7b7d61aac0f1a6834c07e8c"
  name = "google.golang.org/grpc"
  packages = [
    ".",
    "balancer",
    "balancer/base",
    "balancer/roundrobin",
    "codes",
    "connectivity",
    "credentials",
    "encoding",
    "encoding/proto",
    "grpclog",
    "internal",
    "internal/backoff",
    "internal/channelz",
    "internal/envconfig",
    "internal/grpcrand",
    "internal/transport",
    "keepalive",
    "metadata",
    "naming",
    "peer",
    "reflection",
    "reflection/grpc_reflection_v1alpha",
    "resolver",
    "resolver/dns",
    "resolver/passthrough",
    "stats",
    "status",
    "tap",
  ]
  pruneopts = "UT"
  revision = "2e463a05d100327ca47ac218281906921038fd95"
  version = "v1.16.0"

[solve-meta]
  analyzer-name = "dep"
  analyzer-version = 1
  input-imports = [
    "github.com/golang/protobuf/proto",
    "github.com/google/go-cloud/wire",
    "golang.org/x/net/context",
    "google.golang.org/grpc",
    "google.golang.org/grpc/reflection",
  ]
  solver-name = "gps-cdcl"
  solver-version = 1
